
Microsoft Visual Studio Solution File, Format Version 12.00
# Visual Studio Version 16
VisualStudioVersion = 16.0.31829.152
MinimumVisualStudioVersion = 10.0.40219.1
Project("{FAE04EC0-301F-11D3-BF4B-00C04F79EFBC}") = "ClientChatApp_145", "ClientChatApp_145\ClientChatApp_145.csproj", "{2294B6AD-A888-496F-B7A7-EAA132961D10}"
EndProject
Global
	GlobalSection(SolutionConfigurationPlatforms) = preSolution
		Debug|Any CPU = Debug|Any CPU
		Release|Any CPU = Release|Any CPU
	EndGlobalSection
	GlobalSection(ProjectConfigurationPlatforms) = postSolution
		{2294B6AD-A888-496F-B7A7-EAA132961D10}.Debug|Any CPU.ActiveCfg = Debug|Any CPU
		{2294B6AD-A888-496F-B7A7-EAA132961D10}.Debug|Any CPU.Build.0 = Debug|Any CPU
		{2294B6AD-A888-496F-B7A7-EAA132961D10}.Release|Any CPU.ActiveCfg = Release|Any CPU
		{2294B6AD-A888-496F-B7A7-EAA132961D10}.Release|Any CPU.Build.0 = Release|Any CPU
	EndGlobalSection
	GlobalSection(SolutionProperties) = preSolution
		HideSolutionNode = FALSE
	EndGlobalSection
	GlobalSection(ExtensibilityGlobals) = postSolution
		SolutionGuid = {A789B608-D3C8-4258-BB6E-25C0643123AF}
	EndGlobalSection
EndGlobal
